{
  "name": "solarpvchecker",
  "version": "1.0.0",
  "lockfileVersion": 1,
  "requires": true,
  "dependencies": {
    "reflex-grid": {
      "version": "2.0.7",
      "resolved": "https://registry.npmjs.org/reflex-grid/-/reflex-grid-2.0.7.tgz",
      "integrity": "sha512-me+LYQbfKIFWuEOU0JWXpo8AOx7XfF+NL2Vz6wQorAwEiN42Uf7yjy63gk+H25a2+cdmWC9icjqhcXso3N/F9g=="
    }
  }
}
